github.com/advanced-go/agents v0.0.0-20241120134919-277357613cb9 h1:bn0FBScyD1jOAuaiZTDXi4vF9BMTgXFyZ7S4AIykk6o=
github.com/advanced-go/agents v0.0.0-20241120134919-277357613cb9/go.mod h1:QE79IfGbbxmbsBFU0V7ZgcA32czERhQuSsAqEaSNdIM=
github.com/advanced-go/common v0.0.0-20241120132008-f79cb7231b5b h1:4EJORfHWySRT3jX0tkguP/XqTA6h0Ac+KC++4mTtz9E=
github.com/advanced-go/common v0.0.0-20241120132008-f79cb7231b5b/go.mod h1:ZO9q9c1GB9gQOeuWiAk0fT7pH8nfmNarGHi/Qu4LP/Q=
github.com/advanced-go/log v0.0.0-20241116131819-5edd79a504a1 h1:d3AkR75C1KBrKKYbTvYC0IOZ1RnsytNbP7yuFj2r6ig=
github.com/advanced-go/log v0.0.0-20241116131819-5edd79a504a1/go.mod h1:5Xg63AfI0Qe4fdvgvcilsmyfPoqz2d6ygiNrrFGFYjM=
github.com/advanced-go/resiliency v0.0.0-20241120134619-b32e4657f705 h1:3xWoGnOef0CicAEze7zeGQd97mJoIKmATSdrZcBEy9g=
github.com/advanced-go/resiliency v0.0.0-20241120134619-b32e4657f705/go.mod h1:EKRAgOthXZQkYL1Qwu4ZG0rFSjSxyrCFMzMcyU4BYCo=
github.com/google/uuid v1.6.0 h1:NIvaJDMOsjHA8n1jAhLSgzrAzy1Hgr+hNrb57e+94F0=
github.com/google/uuid v1.6.0/go.mod h1:TIyPZe4MgqvfeYDBFedMoGGpEw/LqOeaOT+nhxU+yHo=
